
Microsoft Visual Studio Solution File, Format Version 12.00
# Visual Studio Version 17
VisualStudioVersion = 17.8.34322.80
MinimumVisualStudioVersion = 10.0.40219.1
Project("{9A19103F-16F7-4668-BE54-9A1E7A4F7556}") = "SeriLogging", "SeriLogging.csproj", "{17DD10AD-FD96-488C-925F-C47C9D8366C2}"
EndProject
Global
	GlobalSection(SolutionConfigurationPlatforms) = preSolution
		Debug|Any CPU = Debug|Any CPU
		Release|Any CPU = Release|Any CPU
	EndGlobalSection
	GlobalSection(ProjectConfigurationPlatforms) = postSolution
		{17DD10AD-FD96-488C-925F-C47C9D8366C2}.Debug|Any CPU.ActiveCfg = Debug|Any CPU
		{17DD10AD-FD96-488C-925F-C47C9D8366C2}.Debug|Any CPU.Build.0 = Debug|Any CPU
		{17DD10AD-FD96-488C-925F-C47C9D8366C2}.Release|Any CPU.ActiveCfg = Release|Any CPU
		{17DD10AD-FD96-488C-925F-C47C9D8366C2}.Release|Any CPU.Build.0 = Release|Any CPU
	EndGlobalSection
	GlobalSection(SolutionProperties) = preSolution
		HideSolutionNode = FALSE
	EndGlobalSection
	GlobalSection(ExtensibilityGlobals) = postSolution
		SolutionGuid = {277818B9-5B7A-4764-A1A7-1AC2893794E8}
	EndGlobalSection
EndGlobal
